
Microsoft Visual Studio Solution File, Format Version 11.00
# Visual Studio 2010
Project("{FAE04EC0-301F-11D3-BF4B-00C04F79EFBC}") = "Lesson7", "Lesson7Patch.csproj", "{7C647770-F8DC-4DEB-892B-86DFECEC1C1B}"
EndProject
Global
	GlobalSection(SolutionConfigurationPlatforms) = preSolution
		Debug|Any CPU = Debug|Any CPU
		Release|Any CPU = Release|Any CPU
	EndGlobalSection
	GlobalSection(ProjectConfigurationPlatforms) = postSolution
		{7C647770-F8DC-4DEB-892B-86DFECEC1C1B}.Debug|Any CPU.ActiveCfg = Debug|Any CPU
		{7C647770-F8DC-4DEB-892B-86DFECEC1C1B}.Debug|Any CPU.Build.0 = Debug|Any CPU
		{7C647770-F8DC-4DEB-892B-86DFECEC1C1B}.Release|Any CPU.ActiveCfg = Release|Any CPU
		{7C647770-F8DC-4DEB-892B-86DFECEC1C1B}.Release|Any CPU.Build.0 = Release|Any CPU
	EndGlobalSection
	GlobalSection(SolutionProperties) = preSolution
		HideSolutionNode = FALSE
	EndGlobalSection
EndGlobal
