
Microsoft Visual Studio Solution File, Format Version 12.00
# Visual Studio Version 16
VisualStudioVersion = 16.0.31729.503
MinimumVisualStudioVersion = 10.0.40219.1
Project("{FAE04EC0-301F-11D3-BF4B-00C04F79EFBC}") = "Lesson_5_1", "Lesson_5\Lesson_5_1.csproj", "{321B5B69-59D9-4CFD-892A-9B7972391989}"
EndProject
Global
	GlobalSection(SolutionConfigurationPlatforms) = preSolution
		Debug|Any CPU = Debug|Any CPU
		Release|Any CPU = Release|Any CPU
	EndGlobalSection
	GlobalSection(ProjectConfigurationPlatforms) = postSolution
		{321B5B69-59D9-4CFD-892A-9B7972391989}.Debug|Any CPU.ActiveCfg = Debug|Any CPU
		{321B5B69-59D9-4CFD-892A-9B7972391989}.Debug|Any CPU.Build.0 = Debug|Any CPU
		{321B5B69-59D9-4CFD-892A-9B7972391989}.Release|Any CPU.ActiveCfg = Release|Any CPU
		{321B5B69-59D9-4CFD-892A-9B7972391989}.Release|Any CPU.Build.0 = Release|Any CPU
	EndGlobalSection
	GlobalSection(SolutionProperties) = preSolution
		HideSolutionNode = FALSE
	EndGlobalSection
	GlobalSection(ExtensibilityGlobals) = postSolution
		SolutionGuid = {D1B54EC9-1330-486B-929D-1AA363F4963A}
	EndGlobalSection
EndGlobal
